
Microsoft Visual Studio Solution File, Format Version 12.00
# Visual Studio Version 16
VisualStudioVersion = 16.0.32630.194
MinimumVisualStudioVersion = 10.0.40219.1
Project("{9A19103F-16F7-4668-BE54-9A1E7A4F7556}") = "pokemonTeam.API", "msa-phase-2-api\pokemonTeam.API.csproj", "{31BC3D06-07B4-4DCD-B0CB-119982FEB847}"
EndProject
Project("{9A19103F-16F7-4668-BE54-9A1E7A4F7556}") = "TeamTests", "TeamTests\TeamTests.csproj", "{82A3439E-819F-4BC5-8CE0-B14CDF2B03E3}"
EndProject
Project("{FAE04EC0-301F-11D3-BF4B-00C04F79EFBC}") = "pokemonTeam.Domain", "pokemonTeam.Domain\pokemonTeam.Domain.csproj", "{C8427EFE-339B-49EF-B8FF-A60CA269C883}"
EndProject
Project("{FAE04EC0-301F-11D3-BF4B-00C04F79EFBC}") = "pokemonTeam.Service", "pokemonTeam.Service\pokemonTeam.Service.csproj", "{B2EE77CE-73F2-401D-A1A1-E01CF57093E4}"
EndProject
Global
	GlobalSection(SolutionConfigurationPlatforms) = preSolution
		Debug|Any CPU = Debug|Any CPU
		Release|Any CPU = Release|Any CPU
	EndGlobalSection
	GlobalSection(ProjectConfigurationPlatforms) = postSolution
		{31BC3D06-07B4-4DCD-B0CB-119982FEB847}.Debug|Any CPU.ActiveCfg = Debug|Any CPU
		{31BC3D06-07B4-4DCD-B0CB-119982FEB847}.Debug|Any CPU.Build.0 = Debug|Any CPU
		{31BC3D06-07B4-4DCD-B0CB-119982FEB847}.Release|Any CPU.ActiveCfg = Release|Any CPU
		{31BC3D06-07B4-4DCD-B0CB-119982FEB847}.Release|Any CPU.Build.0 = Release|Any CPU
		{82A3439E-819F-4BC5-8CE0-B14CDF2B03E3}.Debug|Any CPU.ActiveCfg = Debug|Any CPU
		{82A3439E-819F-4BC5-8CE0-B14CDF2B03E3}.Debug|Any CPU.Build.0 = Debug|Any CPU
		{82A3439E-819F-4BC5-8CE0-B14CDF2B03E3}.Release|Any CPU.ActiveCfg = Release|Any CPU
		{82A3439E-819F-4BC5-8CE0-B14CDF2B03E3}.Release|Any CPU.Build.0 = Release|Any CPU
		{C8427EFE-339B-49EF-B8FF-A60CA269C883}.Debug|Any CPU.ActiveCfg = Debug|Any CPU
		{C8427EFE-339B-49EF-B8FF-A60CA269C883}.Debug|Any CPU.Build.0 = Debug|Any CPU
		{C8427EFE-339B-49EF-B8FF-A60CA269C883}.Release|Any CPU.ActiveCfg = Release|Any CPU
		{C8427EFE-339B-49EF-B8FF-A60CA269C883}.Release|Any CPU.Build.0 = Release|Any CPU
		{B2EE77CE-73F2-401D-A1A1-E01CF57093E4}.Debug|Any CPU.ActiveCfg = Debug|Any CPU
		{B2EE77CE-73F2-401D-A1A1-E01CF57093E4}.Debug|Any CPU.Build.0 = Debug|Any CPU
		{B2EE77CE-73F2-401D-A1A1-E01CF57093E4}.Release|Any CPU.ActiveCfg = Release|Any CPU
		{B2EE77CE-73F2-401D-A1A1-E01CF57093E4}.Release|Any CPU.Build.0 = Release|Any CPU
	EndGlobalSection
	GlobalSection(SolutionProperties) = preSolution
		HideSolutionNode = FALSE
	EndGlobalSection
	GlobalSection(ExtensibilityGlobals) = postSolution
		SolutionGuid = {CB76F22D-EBCA-444D-9E82-C35A59F3A299}
	EndGlobalSection
EndGlobal
